{
  "markbot": "d612d23c1c72f1b496fd3449b0b22f23c05cae4a7c2063de62ada204d53968cf",
  "markbotignore": "030a4e6e1b3b6b510514a7ae54576e2c2ef762d56236c6414ef634955d96a126",
  "css/modules.css": "d086236ca3c5ab95fba8817e26280dd98612e4465caea807abe6a1efd0a539d3",
  "index-400.png": "1ba73b2168111906181425c397a755c014bdb825d8b1e9ffbb2e144a52eb6843"
}