{
  "markbot": "8f414eeb6abb8c5ee196363f2b1730d9bd9afa973bc2b074c40c0aa308e8cb5a",
  "index.html": "550f3df19068d00430aa64f3d76903dcb4628c0d51039ff5d4ca1bd33db6ea4d",
  "css/modules.css": "d086236ca3c5ab95fba8817e26280dd98612e4465caea807abe6a1efd0a539d3",
  "index-400.png": "1ba73b2168111906181425c397a755c014bdb825d8b1e9ffbb2e144a52eb6843"
}